
Microsoft Visual Studio Solution File, Format Version 12.00
# Visual Studio Version 16
VisualStudioVersion = 16.0.31729.503
MinimumVisualStudioVersion = 10.0.40219.1
Project("{FAE04EC0-301F-11D3-BF4B-00C04F79EFBC}") = "WeatherApp.Android", "WeatherApp.Android\WeatherApp.Android.csproj", "{F1753EB8-876D-4566-B109-0EA13BDF4324}"
EndProject
Project("{FAE04EC0-301F-11D3-BF4B-00C04F79EFBC}") = "WeatherApp.iOS", "WeatherApp.iOS\WeatherApp.iOS.csproj", "{8E7EB222-19EB-4066-824B-9C0783EF2289}"
EndProject
Project("{FAE04EC0-301F-11D3-BF4B-00C04F79EFBC}") = "WeatherApp", "WeatherApp\WeatherApp.csproj", "{6677AF0B-5B25-4C7F-9B57-FBFFC770A292}"
EndProject
Global
	GlobalSection(SolutionConfigurationPlatforms) = preSolution
		Debug|Any CPU = Debug|Any CPU
		Debug|iPhone = Debug|iPhone
		Debug|iPhoneSimulator = Debug|iPhoneSimulator
		Release|Any CPU = Release|Any CPU
		Release|iPhone = Release|iPhone
		Release|iPhoneSimulator = Release|iPhoneSimulator
	EndGlobalSection
	GlobalSection(ProjectConfigurationPlatforms) = postSolution
		{F1753EB8-876D-4566-B109-0EA13BDF4324}.Debug|Any CPU.ActiveCfg = Debug|Any CPU
		{F1753EB8-876D-4566-B109-0EA13BDF4324}.Debug|Any CPU.Build.0 = Debug|Any CPU
		{F1753EB8-876D-4566-B109-0EA13BDF4324}.Debug|Any CPU.Deploy.0 = Debug|Any CPU
		{F1753EB8-876D-4566-B109-0EA13BDF4324}.Debug|iPhone.ActiveCfg = Debug|Any CPU
		{F1753EB8-876D-4566-B109-0EA13BDF4324}.Debug|iPhone.Build.0 = Debug|Any CPU
		{F1753EB8-876D-4566-B109-0EA13BDF4324}.Debug|iPhone.Deploy.0 = Debug|Any CPU
		{F1753EB8-876D-4566-B109-0EA13BDF4324}.Debug|iPhoneSimulator.ActiveCfg = Debug|Any CPU
		{F1753EB8-876D-4566-B109-0EA13BDF4324}.Debug|iPhoneSimulator.Build.0 = Debug|Any CPU
		{F1753EB8-876D-4566-B109-0EA13BDF4324}.Debug|iPhoneSimulator.Deploy.0 = Debug|Any CPU
		{F1753EB8-876D-4566-B109-0EA13BDF4324}.Release|Any CPU.ActiveCfg = Release|Any CPU
		{F1753EB8-876D-4566-B109-0EA13BDF4324}.Release|Any CPU.Build.0 = Release|Any CPU
		{F1753EB8-876D-4566-B109-0EA13BDF4324}.Release|Any CPU.Deploy.0 = Release|Any CPU
		{F1753EB8-876D-4566-B109-0EA13BDF4324}.Release|iPhone.ActiveCfg = Release|Any CPU
		{F1753EB8-876D-4566-B109-0EA13BDF4324}.Release|iPhone.Build.0 = Release|Any CPU
		{F1753EB8-876D-4566-B109-0EA13BDF4324}.Release|iPhone.Deploy.0 = Release|Any CPU
		{F1753EB8-876D-4566-B109-0EA13BDF4324}.Release|iPhoneSimulator.ActiveCfg = Release|Any CPU
		{F1753EB8-876D-4566-B109-0EA13BDF4324}.Release|iPhoneSimulator.Build.0 = Release|Any CPU
		{F1753EB8-876D-4566-B109-0EA13BDF4324}.Release|iPhoneSimulator.Deploy.0 = Release|Any CPU
		{8E7EB222-19EB-4066-824B-9C0783EF2289}.Debug|Any CPU.ActiveCfg = Debug|iPhone
		{8E7EB222-19EB-4066-824B-9C0783EF2289}.Debug|Any CPU.Build.0 = Debug|iPhone
		{8E7EB222-19EB-4066-824B-9C0783EF2289}.Debug|Any CPU.Deploy.0 = Debug|iPhone
		{8E7EB222-19EB-4066-824B-9C0783EF2289}.Debug|iPhone.ActiveCfg = Debug|iPhone
		{8E7EB222-19EB-4066-824B-9C0783EF2289}.Debug|iPhone.Build.0 = Debug|iPhone
		{8E7EB222-19EB-4066-824B-9C0783EF2289}.Debug|iPhone.Deploy.0 = Debug|iPhone
		{8E7EB222-19EB-4066-824B-9C0783EF2289}.Debug|iPhoneSimulator.ActiveCfg = Debug|iPhoneSimulator
		{8E7EB222-19EB-4066-824B-9C0783EF2289}.Debug|iPhoneSimulator.Build.0 = Debug|iPhoneSimulator
		{8E7EB222-19EB-4066-824B-9C0783EF2289}.Debug|iPhoneSimulator.Deploy.0 = Debug|iPhoneSimulator
		{8E7EB222-19EB-4066-824B-9C0783EF2289}.Release|Any CPU.ActiveCfg = Release|iPhoneSimulator
		{8E7EB222-19EB-4066-824B-9C0783EF2289}.Release|Any CPU.Build.0 = Release|iPhoneSimulator
		{8E7EB222-19EB-4066-824B-9C0783EF2289}.Release|Any CPU.Deploy.0 = Release|iPhoneSimulator
		{8E7EB222-19EB-4066-824B-9C0783EF2289}.Release|iPhone.ActiveCfg = Release|iPhone
		{8E7EB222-19EB-4066-824B-9C0783EF2289}.Release|iPhone.Build.0 = Release|iPhone
		{8E7EB222-19EB-4066-824B-9C0783EF2289}.Release|iPhone.Deploy.0 = Release|iPhone
		{8E7EB222-19EB-4066-824B-9C0783EF2289}.Release|iPhoneSimulator.ActiveCfg = Release|iPhoneSimulator
		{8E7EB222-19EB-4066-824B-9C0783EF2289}.Release|iPhoneSimulator.Build.0 = Release|iPhoneSimulator
		{8E7EB222-19EB-4066-824B-9C0783EF2289}.Release|iPhoneSimulator.Deploy.0 = Release|iPhoneSimulator
		{6677AF0B-5B25-4C7F-9B57-FBFFC770A292}.Debug|Any CPU.ActiveCfg = Debug|Any CPU
		{6677AF0B-5B25-4C7F-9B57-FBFFC770A292}.Debug|Any CPU.Build.0 = Debug|Any CPU
		{6677AF0B-5B25-4C7F-9B57-FBFFC770A292}.Debug|Any CPU.Deploy.0 = Debug|Any CPU
		{6677AF0B-5B25-4C7F-9B57-FBFFC770A292}.Debug|iPhone.ActiveCfg = Debug|Any CPU
		{6677AF0B-5B25-4C7F-9B57-FBFFC770A292}.Debug|iPhone.Build.0 = Debug|Any CPU
		{6677AF0B-5B25-4C7F-9B57-FBFFC770A292}.Debug|iPhone.Deploy.0 = Debug|Any CPU
		{6677AF0B-5B25-4C7F-9B57-FBFFC770A292}.Debug|iPhoneSimulator.ActiveCfg = Debug|Any CPU
		{6677AF0B-5B25-4C7F-9B57-FBFFC770A292}.Debug|iPhoneSimulator.Build.0 = Debug|Any CPU
		{6677AF0B-5B25-4C7F-9B57-FBFFC770A292}.Debug|iPhoneSimulator.Deploy.0 = Debug|Any CPU
		{6677AF0B-5B25-4C7F-9B57-FBFFC770A292}.Release|Any CPU.ActiveCfg = Release|Any CPU
		{6677AF0B-5B25-4C7F-9B57-FBFFC770A292}.Release|Any CPU.Build.0 = Release|Any CPU
		{6677AF0B-5B25-4C7F-9B57-FBFFC770A292}.Release|Any CPU.Deploy.0 = Release|Any CPU
		{6677AF0B-5B25-4C7F-9B57-FBFFC770A292}.Release|iPhone.ActiveCfg = Release|Any CPU
		{6677AF0B-5B25-4C7F-9B57-FBFFC770A292}.Release|iPhone.Build.0 = Release|Any CPU
		{6677AF0B-5B25-4C7F-9B57-FBFFC770A292}.Release|iPhone.Deploy.0 = Release|Any CPU
		{6677AF0B-5B25-4C7F-9B57-FBFFC770A292}.Release|iPhoneSimulator.ActiveCfg = Release|Any CPU
		{6677AF0B-5B25-4C7F-9B57-FBFFC770A292}.Release|iPhoneSimulator.Build.0 = Release|Any CPU
		{6677AF0B-5B25-4C7F-9B57-FBFFC770A292}.Release|iPhoneSimulator.Deploy.0 = Release|Any CPU
	EndGlobalSection
	GlobalSection(SolutionProperties) = preSolution
		HideSolutionNode = FALSE
	EndGlobalSection
	GlobalSection(ExtensibilityGlobals) = postSolution
		SolutionGuid = {A6A2390F-AE15-4495-B993-F7344703CD50}
	EndGlobalSection
EndGlobal
